
Microsoft Visual Studio Solution File, Format Version 12.00
# Visual Studio Version 16
VisualStudioVersion = 16.0.30104.148
MinimumVisualStudioVersion = 10.0.40219.1
Project("{FAE04EC0-301F-11D3-BF4B-00C04F79EFBC}") = "Authentication", "Authentication\Authentication.csproj", "{61D65002-E4EF-4658-B870-E81F61D55776}"
EndProject
Global
	GlobalSection(SolutionConfigurationPlatforms) = preSolution
		Debug|Any CPU = Debug|Any CPU
		Release|Any CPU = Release|Any CPU
	EndGlobalSection
	GlobalSection(ProjectConfigurationPlatforms) = postSolution
		{61D65002-E4EF-4658-B870-E81F61D55776}.Debug|Any CPU.ActiveCfg = Debug|Any CPU
		{61D65002-E4EF-4658-B870-E81F61D55776}.Debug|Any CPU.Build.0 = Debug|Any CPU
		{61D65002-E4EF-4658-B870-E81F61D55776}.Release|Any CPU.ActiveCfg = Release|Any CPU
		{61D65002-E4EF-4658-B870-E81F61D55776}.Release|Any CPU.Build.0 = Release|Any CPU
	EndGlobalSection
	GlobalSection(SolutionProperties) = preSolution
		HideSolutionNode = FALSE
	EndGlobalSection
	GlobalSection(ExtensibilityGlobals) = postSolution
		SolutionGuid = {51250B47-0790-4FEA-B0C4-155B8B460EA7}
	EndGlobalSection
EndGlobal
